// !$*UTF8*$!
{
	archiveVersion = 1;
	classes = {
	};
	objectVersion = 48;
	objects = {

/* Begin PBXBuildFile section */
		F47211CE1F8912D900839973 /* Launch Screen.storyboard in Resources */ = {isa = PBXBuildFile; fileRef = F47211CD1F8912D900839973 /* Launch Screen.storyboard */; };
		F47211D21F8918ED00839973 /* AudioToolbox.framework in Frameworks */ = {isa = PBXBuildFile; fileRef = F47211D11F8918ED00839973 /* AudioToolbox.framework */; };
		F4EA19761F88375E0037E851 /* AppDelegate.swift in Sources */ = {isa = PBXBuildFile; fileRef = F4EA19751F88375E0037E851 /* AppDelegate.swift */; };
		F4EA19781F88375E0037E851 /* ViewController.swift in Sources */ = {isa = PBXBuildFile; fileRef = F4EA19771F88375E0037E851 /* ViewController.swift */; };
		F4EA197B1F88375E0037E851 /* Main.storyboard in Resources */ = {isa = PBXBuildFile; fileRef = F4EA19791F88375E0037E851 /* Main.storyboard */; };
		F4EA197D1F88375E0037E851 /* Assets.xcassets in Resources */ = {isa = PBXBuildFile; fileRef = F4EA197C1F88375E0037E851 /* Assets.xcassets */; };
		F4EA198B1F88375E0037E851 /* openhack_gbgTests.swift in Sources */ = {isa = PBXBuildFile; fileRef = F4EA198A1F88375E0037E851 /* openhack_gbgTests.swift */; };
		F4EA19961F88375E0037E851 /* openhack_gbgUITests.swift in Sources */ = {isa = PBXBuildFile; fileRef = F4EA19951F88375E0037E851 /* openhack_gbgUITests.swift */; };
/* End PBXBuildFile section */

/* Begin PBXContainerItemProxy section */
		F4EA19871F88375E0037E851 /* PBXContainerItemProxy */ = {
			isa = PBXContainerItemProxy;
			containerPortal = F4EA196A1F88375E0037E851 /* Project object */;
			proxyType = 1;
			remoteGlobalIDString = F4EA19711F88375E0037E851;
			remoteInfo = "openhack-gbg";
		};
		F4EA19921F88375E0037E851 /* PBXContainerItemProxy */ = {
			isa = PBXContainerItemProxy;
			containerPortal = F4EA196A1F88375E0037E851 /* Project object */;
			proxyType = 1;
			remoteGlobalIDString = F4EA19711F88375E0037E851;
			remoteInfo = "openhack-gbg";
		};
/* End PBXContainerItemProxy section */

/* Begin PBXFileReference section */
		F47211CD1F8912D900839973 /* Launch Screen.storyboard */ = {isa = PBXFileReference; lastKnownFileType = file.storyboard; path = "Launch Screen.storyboard"; sourceTree = "<group>"; };
		F47211CF1F8918ED00839973 /* openhack-gbg.entitlements */ = {isa = PBXFileReference; lastKnownFileType = text.plist.entitlements; path = "openhack-gbg.entitlements"; sourceTree = "<group>"; };
		F47211D11F8918ED00839973 /* AudioToolbox.framework */ = {isa = PBXFileReference; lastKnownFileType = wrapper.framework; name = AudioToolbox.framework; path = System/Library/Frameworks/AudioToolbox.framework; sourceTree = SDKROOT; };
		F4EA19721F88375E0037E851 /* openhack-gbg.app */ = {isa = PBXFileReference; explicitFileType = wrapper.application; includeInIndex = 0; path = "openhack-gbg.app"; sourceTree = BUILT_PRODUCTS_DIR; };
		F4EA19751F88375E0037E851 /* AppDelegate.swift */ = {isa = PBXFileReference; lastKnownFileType = sourcecode.swift; path = AppDelegate.swift; sourceTree = "<group>"; };
		F4EA19771F88375E0037E851 /* ViewController.swift */ = {isa = PBXFileReference; lastKnownFileType = sourcecode.swift; path = ViewController.swift; sourceTree = "<group>"; };
		F4EA197A1F88375E0037E851 /* Base */ = {isa = PBXFileReference; lastKnownFileType = file.storyboard; name = Base; path = Base.lproj/Main.storyboard; sourceTree = "<group>"; };
		F4EA197C1F88375E0037E851 /* Assets.xcassets */ = {isa = PBXFileReference; lastKnownFileType = folder.assetcatalog; path = Assets.xcassets; sourceTree = "<group>"; };
		F4EA19811F88375E0037E851 /* Info.plist */ = {isa = PBXFileReference; lastKnownFileType = text.plist.xml; path = Info.plist; sourceTree = "<group>"; };
		F4EA19861F88375E0037E851 /* openhack-gbgTests.xctest */ = {isa = PBXFileReference; explicitFileType = wrapper.cfbundle; includeInIndex = 0; path = "openhack-gbgTests.xctest"; sourceTree = BUILT_PRODUCTS_DIR; };
		F4EA198A1F88375E0037E851 /* openhack_gbgTests.swift */ = {isa = PBXFileReference; lastKnownFileType = sourcecode.swift; path = openhack_gbgTests.swift; sourceTree = "<group>"; };
		F4EA198C1F88375E0037E851 /* Info.plist */ = {isa = PBXFileReference; lastKnownFileType = text.plist.xml; path = Info.plist; sourceTree = "<group>"; };
		F4EA19911F88375E0037E851 /* openhack-gbgUITests.xctest */ = {isa = PBXFileReference; explicitFileType = wrapper.cfbundle; includeInIndex = 0; path = "openhack-gbgUITests.xctest"; sourceTree = BUILT_PRODUCTS_DIR; };
		F4EA19951F88375E0037E851 /* openhack_gbgUITests.swift */ = {isa = PBXFileReference; lastKnownFileType = sourcecode.swift; path = openhack_gbgUITests.swift; sourceTree = "<group>"; };
		F4EA19971F88375E0037E851 /* Info.plist */ = {isa = PBXFileReference; lastKnownFileType = text.plist.xml; path = Info.plist; sourceTree = "<group>"; };
/* End PBXFileReference section */

/* Begin PBXFrameworksBuildPhase section */
		F4EA196F1F88375E0037E851 /* Frameworks */ = {
			isa = PBXFrameworksBuildPhase;
			buildActionMask = 2147483647;
			files = (
				F47211D21F8918ED00839973 /* AudioToolbox.framework in Frameworks */,
			);
			runOnlyForDeploymentPostprocessing = 0;
		};
		F4EA19831F88375E0037E851 /* Frameworks */ = {
			isa = PBXFrameworksBuildPhase;
			buildActionMask = 2147483647;
			files = (
			);
			runOnlyForDeploymentPostprocessing = 0;
		};
		F4EA198E1F88375E0037E851 /* Frameworks */ = {
			isa = PBXFrameworksBuildPhase;
			buildActionMask = 2147483647;
			files = (
			);
			runOnlyForDeploymentPostprocessing = 0;
		};
/* End PBXFrameworksBuildPhase section */

/* Begin PBXGroup section */
		F47211D01F8918ED00839973 /* Frameworks */ = {
			isa = PBXGroup;
			children = (
				F47211D11F8918ED00839973 /* AudioToolbox.framework */,
			);
			name = Frameworks;
			sourceTree = "<group>";
		};
		F4EA19691F88375E0037E851 = {
			isa = PBXGroup;
			children = (
				F4EA19741F88375E0037E851 /* openhack-gbg */,
				F4EA19891F88375E0037E851 /* openhack-gbgTests */,
				F4EA19941F88375E0037E851 /* openhack-gbgUITests */,
				F4EA19731F88375E0037E851 /* Products */,
				F47211D01F8918ED00839973 /* Frameworks */,
			);
			sourceTree = "<group>";
		};
		F4EA19731F88375E0037E851 /* Products */ = {
			isa = PBXGroup;
			children = (
				F4EA19721F88375E0037E851 /* openhack-gbg.app */,
				F4EA19861F88375E0037E851 /* openhack-gbgTests.xctest */,
				F4EA19911F88375E0037E851 /* openhack-gbgUITests.xctest */,
			);
			name = Products;
			sourceTree = "<group>";
		};
		F4EA19741F88375E0037E851 /* openhack-gbg */ = {
			isa = PBXGroup;
			children = (
				F47211CF1F8918ED00839973 /* openhack-gbg.entitlements */,
				F4EA19751F88375E0037E851 /* AppDelegate.swift */,
				F4EA19771F88375E0037E851 /* ViewController.swift */,
				F47211CD1F8912D900839973 /* Launch Screen.storyboard */,
				F4EA19791F88375E0037E851 /* Main.storyboard */,
				F4EA197C1F88375E0037E851 /* Assets.xcassets */,
				F4EA19811F88375E0037E851 /* Info.plist */,
			);
			path = "openhack-gbg";
			sourceTree = "<group>";
		};
		F4EA19891F88375E0037E851 /* openhack-gbgTests */ = {
			isa = PBXGroup;
			children = (
				F4EA198A1F88375E0037E851 /* openhack_gbgTests.swift */,
				F4EA198C1F88375E0037E851 /* Info.plist */,
			);
			path = "openhack-gbgTests";
			sourceTree = "<group>";
		};
		F4EA19941F88375E0037E851 /* openhack-gbgUITests */ = {
			isa = PBXGroup;
			children = (
				F4EA19951F88375E0037E851 /* openhack_gbgUITests.swift */,
				F4EA19971F88375E0037E851 /* Info.plist */,
			);
			path = "openhack-gbgUITests";
			sourceTree = "<group>";
		};
/* End PBXGroup section */

/* Begin PBXNativeTarget section */
		F4EA19711F88375E0037E851 /* openhack-gbg */ = {
			isa = PBXNativeTarget;
			buildConfigurationList = F4EA199A1F88375E0037E851 /* Build configuration list for PBXNativeTarget "openhack-gbg" */;
			buildPhases = (
				F4EA196E1F88375E0037E851 /* Sources */,
				F4EA196F1F88375E0037E851 /* Frameworks */,
				F4EA19701F88375E0037E851 /* Resources */,
			);
			buildRules = (
			);
			dependencies = (
			);
			name = "openhack-gbg";
			productName = "openhack-gbg";
			productReference = F4EA19721F88375E0037E851 /* openhack-gbg.app */;
			productType = "com.apple.product-type.application";
		};
		F4EA19851F88375E0037E851 /* openhack-gbgTests */ = {
			isa = PBXNativeTarget;
			buildConfigurationList = F4EA199D1F88375E0037E851 /* Build configuration list for PBXNativeTarget "openhack-gbgTests" */;
			buildPhases = (
				F4EA19821F88375E0037E851 /* Sources */,
				F4EA19831F88375E0037E851 /* Frameworks */,
				F4EA19841F88375E0037E851 /* Resources */,
			);
			buildRules = (
			);
			dependencies = (
				F4EA19881F88375E0037E851 /* PBXTargetDependency */,
			);
			name = "openhack-gbgTests";
			productName = "openhack-gbgTests";
			productReference = F4EA19861F88375E0037E851 /* openhack-gbgTests.xctest */;
			productType = "com.apple.product-type.bundle.unit-test";
		};
		F4EA19901F88375E0037E851 /* openhack-gbgUITests */ = {
			isa = PBXNativeTarget;
			buildConfigurationList = F4EA19A01F88375E0037E851 /* Build configuration list for PBXNativeTarget "openhack-gbgUITests" */;
			buildPhases = (
				F4EA198D1F88375E0037E851 /* Sources */,
				F4EA198E1F88375E0037E851 /* Frameworks */,
				F4EA198F1F88375E0037E851 /* Resources */,
			);
			buildRules = (
			);
			dependencies = (
				F4EA19931F88375E0037E851 /* PBXTargetDependency */,
			);
			name = "openhack-gbgUITests";
			productName = "openhack-gbgUITests";
			productReference = F4EA19911F88375E0037E851 /* openhack-gbgUITests.xctest */;
			productType = "com.apple.product-type.bundle.ui-testing";
		};
/* End PBXNativeTarget section */

/* Begin PBXProject section */
		F4EA196A1F88375E0037E851 /* Project object */ = {
			isa = PBXProject;
			attributes = {
				LastSwiftUpdateCheck = 0900;
				LastUpgradeCheck = 0900;
				ORGANIZATIONNAME = workstation;
				TargetAttributes = {
					F4EA19711F88375E0037E851 = {
						CreatedOnToolsVersion = 9.0;
						ProvisioningStyle = Automatic;
						SystemCapabilities = {
							com.apple.BackgroundModes = {
								enabled = 1;
							};
							com.apple.InterAppAudio = {
								enabled = 1;
							};
						};
					};
					F4EA19851F88375E0037E851 = {
						CreatedOnToolsVersion = 9.0;
						ProvisioningStyle = Automatic;
						TestTargetID = F4EA19711F88375E0037E851;
					};
					F4EA19901F88375E0037E851 = {
						CreatedOnToolsVersion = 9.0;
						ProvisioningStyle = Automatic;
						TestTargetID = F4EA19711F88375E0037E851;
					};
				};
			};
			buildConfigurationList = F4EA196D1F88375E0037E851 /* Build configuration list for PBXProject "openhack-gbg" */;
			compatibilityVersion = "Xcode 8.0";
			developmentRegion = en;
			hasScannedForEncodings = 0;
			knownRegions = (
				en,
				Base,
			);
			mainGroup = F4EA19691F88375E0037E851;
			productRefGroup = F4EA19731F88375E0037E851 /* Products */;
			projectDirPath = "";
			projectRoot = "";
			targets = (
				F4EA19711F88375E0037E851 /* openhack-gbg */,
				F4EA19851F88375E0037E851 /* openhack-gbgTests */,
				F4EA19901F88375E0037E851 /* openhack-gbgUITests */,
			);
		};
/* End PBXProject section */

/* Begin PBXResourcesBuildPhase section */
		F4EA19701F88375E0037E851 /* Resources */ = {
			isa = PBXResourcesBuildPhase;
			buildActionMask = 2147483647;
			files = (
				F47211CE1F8912D900839973 /* Launch Screen.storyboard in Resources */,
				F4EA197D1F88375E0037E851 /* Assets.xcassets in Resources */,
				F4EA197B1F88375E0037E851 /* Main.storyboard in Resources */,
			);
			runOnlyForDeploymentPostprocessing = 0;
		};
		F4EA19841F88375E0037E851 /* Resources */ = {
			isa = PBXResourcesBuildPhase;
			buildActionMask = 2147483647;
			files = (
			);
			runOnlyForDeploymentPostprocessing = 0;
		};
		F4EA198F1F88375E0037E851 /* Resources */ = {
			isa = PBXResourcesBuildPhase;
			buildActionMask = 2147483647;
			files = (
			);
			runOnlyForDeploymentPostprocessing = 0;
		};
/* End PBXResourcesBuildPhase section */

/* Begin PBXSourcesBuildPhase section */
		F4EA196E1F88375E0037E851 /* Sources */ = {
			isa = PBXSourcesBuildPhase;
			buildActionMask = 2147483647;
			files = (
				F4EA19781F88375E0037E851 /* ViewController.swift in Sources */,
				F4EA19761F88375E0037E851 /* AppDelegate.swift in Sources */,
			);
			runOnlyForDeploymentPostprocessing = 0;
		};
		F4EA19821F88375E0037E851 /* Sources */ = {
			isa = PBXSourcesBuildPhase;
			buildActionMask = 2147483647;
			files = (
				F4EA198B1F88375E0037E851 /* openhack_gbgTests.swift in Sources */,
			);
			runOnlyForDeploymentPostprocessing = 0;
		};
		F4EA198D1F88375E0037E851 /* Sources */ = {
			isa = PBXSourcesBuildPhase;
			buildActionMask = 2147483647;
			files = (
				F4EA19961F88375E0037E851 /* openhack_gbgUITests.swift in Sources */,
			);
			runOnlyForDeploymentPostprocessing = 0;
		};
/* End PBXSourcesBuildPhase section */

/* Begin PBXTargetDependency section */
		F4EA19881F88375E0037E851 /* PBXTargetDependency */ = {
			isa = PBXTargetDependency;
			target = F4EA19711F88375E0037E851 /* openhack-gbg */;
			targetProxy = F4EA19871F88375E0037E851 /* PBXContainerItemProxy */;
		};
		F4EA19931F88375E0037E851 /* PBXTargetDependency */ = {
			isa = PBXTargetDependency;
			target = F4EA19711F88375E0037E851 /* openhack-gbg */;
			targetProxy = F4EA19921F88375E0037E851 /* PBXContainerItemProxy */;
		};
/* End PBXTargetDependency section */

/* Begin PBXVariantGroup section */
		F4EA19791F88375E0037E851 /* Main.storyboard */ = {
			isa = PBXVariantGroup;
			children = (
				F4EA197A1F88375E0037E851 /* Base */,
			);
			name = Main.storyboard;
			sourceTree = "<group>";
		};
/* End PBXVariantGroup section */

/* Begin XCBuildConfiguration section */
		F4EA19981F88375E0037E851 /* Debug */ = {
			isa = XCBuildConfiguration;
			buildSettings = {
				ALWAYS_SEARCH_USER_PATHS = NO;
				CLANG_ANALYZER_NONNULL = YES;
				CLANG_ANALYZER_NUMBER_OBJECT_CONVERSION = YES_AGGRESSIVE;
				CLANG_CXX_LANGUAGE_STANDARD = "gnu++14";
				CLANG_CXX_LIBRARY = "libc++";
				CLANG_ENABLE_MODULES = YES;
				CLANG_ENABLE_OBJC_ARC = YES;
				CLANG_WARN_BLOCK_CAPTURE_AUTORELEASING = YES;
				CLANG_WARN_BOOL_CONVERSION = YES;
				CLANG_WARN_COMMA = YES;
				CLANG_WARN_CONSTANT_CONVERSION = YES;
				CLANG_WARN_DIRECT_OBJC_ISA_USAGE = YES_ERROR;
				CLANG_WARN_DOCUMENTATION_COMMENTS = YES;
				CLANG_WARN_EMPTY_BODY = YES;
				CLANG_WARN_ENUM_CONVERSION = YES;
				CLANG_WARN_INFINITE_RECURSION = YES;
				CLANG_WARN_INT_CONVERSION = YES;
				CLANG_WARN_NON_LITERAL_NULL_CONVERSION = YES;
				CLANG_WARN_OBJC_LITERAL_CONVERSION = YES;
				CLANG_WARN_OBJC_ROOT_CLASS = YES_ERROR;
				CLANG_WARN_RANGE_LOOP_ANALYSIS = YES;
				CLANG_WARN_STRICT_PROTOTYPES = YES;
				CLANG_WARN_SUSPICIOUS_MOVE = YES;
				CLANG_WARN_UNGUARDED_AVAILABILITY = YES_AGGRESSIVE;
				CLANG_WARN_UNREACHABLE_CODE = YES;
				CLANG_WARN__DUPLICATE_METHOD_MATCH = YES;
				CODE_SIGN_IDENTITY = "iPhone Developer";
				COPY_PHASE_STRIP = NO;
				DEBUG_INFORMATION_FORMAT = dwarf;
				ENABLE_STRICT_OBJC_MSGSEND = YES;
				ENABLE_TESTABILITY = YES;
				GCC_C_LANGUAGE_STANDARD = gnu11;
				GCC_DYNAMIC_NO_PIC = NO;
				GCC_NO_COMMON_BLOCKS = YES;
				GCC_OPTIMIZATION_LEVEL = 0;
				GCC_PREPROCESSOR_DEFINITIONS = (
					"DEBUG=1",
					"$(inherited)",
				);
				GCC_WARN_64_TO_32_BIT_CONVERSION = YES;
				GCC_WARN_ABOUT_RETURN_TYPE = YES_ERROR;
				GCC_WARN_UNDECLARED_SELECTOR = YES;
				GCC_WARN_UNINITIALIZED_AUTOS = YES_AGGRESSIVE;
				GCC_WARN_UNUSED_FUNCTION = YES;
				GCC_WARN_UNUSED_VARIABLE = YES;
				IPHONEOS_DEPLOYMENT_TARGET = 11.0;
				MTL_ENABLE_DEBUG_INFO = YES;
				ONLY_ACTIVE_ARCH = YES;
				SDKROOT = iphoneos;
				SWIFT_ACTIVE_COMPILATION_CONDITIONS = DEBUG;
				SWIFT_OPTIMIZATION_LEVEL = "-Onone";
			};
			name = Debug;
		};
		F4EA19991F88375E0037E851 /* Release */ = {
			isa = XCBuildConfiguration;
			buildSettings = {
				ALWAYS_SEARCH_USER_PATHS = NO;
				CLANG_ANALYZER_NONNULL = YES;
				CLANG_ANALYZER_NUMBER_OBJECT_CONVERSION = YES_AGGRESSIVE;
				CLANG_CXX_LANGUAGE_STANDARD = "gnu++14";
				CLANG_CXX_LIBRARY = "libc++";
				CLANG_ENABLE_MODULES = YES;
				CLANG_ENABLE_OBJC_ARC = YES;
				CLANG_WARN_BLOCK_CAPTURE_AUTORELEASING = YES;
				CLANG_WARN_BOOL_CONVERSION = YES;
				CLANG_WARN_COMMA = YES;
				CLANG_WARN_CONSTANT_CONVERSION = YES;
				CLANG_WARN_DIRECT_OBJC_ISA_USAGE = YES_ERROR;
				CLANG_WARN_DOCUMENTATION_COMMENTS = YES;
				CLANG_WARN_EMPTY_BODY = YES;
				CLANG_WARN_ENUM_CONVERSION = YES;
				CLANG_WARN_INFINITE_RECURSION = YES;
				CLANG_WARN_INT_CONVERSION = YES;
				CLANG_WARN_NON_LITERAL_NULL_CONVERSION = YES;
				CLANG_WARN_OBJC_LITERAL_CONVERSION = YES;
				CLANG_WARN_OBJC_ROOT_CLASS = YES_ERROR;
				CLANG_WARN_RANGE_LOOP_ANALYSIS = YES;
				CLANG_WARN_STRICT_PROTOTYPES = YES;
				CLANG_WARN_SUSPICIOUS_MOVE = YES;
				CLANG_WARN_UNGUARDED_AVAILABILITY = YES_AGGRESSIVE;
				CLANG_WARN_UNREACHABLE_CODE = YES;
				CLANG_WARN__DUPLICATE_METHOD_MATCH = YES;
				CODE_SIGN_IDENTITY = "iPhone Developer";
				COPY_PHASE_STRIP = NO;
				DEBUG_INFORMATION_FORMAT = "dwarf-with-dsym";
				ENABLE_NS_ASSERTIONS = NO;
				ENABLE_STRICT_OBJC_MSGSEND = YES;
				GCC_C_LANGUAGE_STANDARD = gnu11;
				GCC_NO_COMMON_BLOCKS = YES;
				GCC_WARN_64_TO_32_BIT_CONVERSION = YES;
				GCC_WARN_ABOUT_RETURN_TYPE = YES_ERROR;
				GCC_WARN_UNDECLARED_SELECTOR = YES;
				GCC_WARN_UNINITIALIZED_AUTOS = YES_AGGRESSIVE;
				GCC_WARN_UNUSED_FUNCTION = YES;
				GCC_WARN_UNUSED_VARIABLE = YES;
				IPHONEOS_DEPLOYMENT_TARGET = 11.0;
				MTL_ENABLE_DEBUG_INFO = NO;
				SDKROOT = iphoneos;
				SWIFT_OPTIMIZATION_LEVEL = "-Owholemodule";
				VALIDATE_PRODUCT = YES;
			};
			name = Release;
		};
		F4EA199B1F88375E0037E851 /* Debug */ = {
			isa = XCBuildConfiguration;
			buildSettings = {
				ASSETCATALOG_COMPILER_APPICON_NAME = AppIcon;
				CODE_SIGN_ENTITLEMENTS = "openhack-gbg/openhack-gbg.entitlements";
				CODE_SIGN_STYLE = Automatic;
				DEVELOPMENT_TEAM = 7DWXWZSP78;
				INFOPLIST_FILE = "openhack-gbg/Info.plist";
				LD_RUNPATH_SEARCH_PATHS = "$(inherited) @executable_path/Frameworks";
				PRODUCT_BUNDLE_IDENTIFIER = "shotgunsorters.openhack-gbg";
				PRODUCT_NAME = "$(TARGET_NAME)";
				SWIFT_VERSION = 4.0;
				TARGETED_DEVICE_FAMILY = 1;
			};
			name = Debug;
		};
		F4EA199C1F88375E0037E851 /* Release */ = {
			isa = XCBuildConfiguration;
			buildSettings = {
				ASSETCATALOG_COMPILER_APPICON_NAME = AppIcon;
				CODE_SIGN_ENTITLEMENTS = "openhack-gbg/openhack-gbg.entitlements";
				CODE_SIGN_STYLE = Automatic;
				DEVELOPMENT_TEAM = 7DWXWZSP78;
				INFOPLIST_FILE = "openhack-gbg/Info.plist";
				LD_RUNPATH_SEARCH_PATHS = "$(inherited) @executable_path/Frameworks";
				PRODUCT_BUNDLE_IDENTIFIER = "shotgunsorters.openhack-gbg";
				PRODUCT_NAME = "$(TARGET_NAME)";
				SWIFT_VERSION = 4.0;
				TARGETED_DEVICE_FAMILY = 1;
			};
			name = Release;
		};
		F4EA199E1F88375E0037E851 /* Debug */ = {
			isa = XCBuildConfiguration;
			buildSettings = {
				ALWAYS_EMBED_SWIFT_STANDARD_LIBRARIES = YES;
				BUNDLE_LOADER = "$(TEST_HOST)";
				CODE_SIGN_STYLE = Automatic;
				INFOPLIST_FILE = "openhack-gbgTests/Info.plist";
				LD_RUNPATH_SEARCH_PATHS = "$(inherited) @executable_path/Frameworks @loader_path/Frameworks";
				PRODUCT_BUNDLE_IDENTIFIER = "shotgunsorters.openhack-gbgTests";
				PRODUCT_NAME = "$(TARGET_NAME)";
				SWIFT_VERSION = 4.0;
				TARGETED_DEVICE_FAMILY = "1,2";
				TEST_HOST = "$(BUILT_PRODUCTS_DIR)/openhack-gbg.app/openhack-gbg";
			};
			name = Debug;
		};
		F4EA199F1F88375E0037E851 /* Release */ = {
			isa = XCBuildConfiguration;
			buildSettings = {
				ALWAYS_EMBED_SWIFT_STANDARD_LIBRARIES = YES;
				BUNDLE_LOADER = "$(TEST_HOST)";
				CODE_SIGN_STYLE = Automatic;
				INFOPLIST_FILE = "openhack-gbgTests/Info.plist";
				LD_RUNPATH_SEARCH_PATHS = "$(inherited) @executable_path/Frameworks @loader_path/Frameworks";
				PRODUCT_BUNDLE_IDENTIFIER = "shotgunsorters.openhack-gbgTests";
				PRODUCT_NAME = "$(TARGET_NAME)";
				SWIFT_VERSION = 4.0;
				TARGETED_DEVICE_FAMILY = "1,2";
				TEST_HOST = "$(BUILT_PRODUCTS_DIR)/openhack-gbg.app/openhack-gbg";
			};
			name = Release;
		};
		F4EA19A11F88375E0037E851 /* Debug */ = {
			isa = XCBuildConfiguration;
			buildSettings = {
				ALWAYS_EMBED_SWIFT_STANDARD_LIBRARIES = YES;
				CODE_SIGN_STYLE = Automatic;
				INFOPLIST_FILE = "openhack-gbgUITests/Info.plist";
				LD_RUNPATH_SEARCH_PATHS = "$(inherited) @executable_path/Frameworks @loader_path/Frameworks";
				PRODUCT_BUNDLE_IDENTIFIER = "shotgunsorters.openhack-gbgUITests";
				PRODUCT_NAME = "$(TARGET_NAME)";
				SWIFT_VERSION = 4.0;
				TARGETED_DEVICE_FAMILY = "1,2";
				TEST_TARGET_NAME = "openhack-gbg";
			};
			name = Debug;
		};
		F4EA19A21F88375E0037E851 /* Release */ = {
			isa = XCBuildConfiguration;
			buildSettings = {
				ALWAYS_EMBED_SWIFT_STANDARD_LIBRARIES = YES;
				CODE_SIGN_STYLE = Automatic;
				INFOPLIST_FILE = "openhack-gbgUITests/Info.plist";
				LD_RUNPATH_SEARCH_PATHS = "$(inherited) @executable_path/Frameworks @loader_path/Frameworks";
				PRODUCT_BUNDLE_IDENTIFIER = "shotgunsorters.openhack-gbgUITests";
				PRODUCT_NAME = "$(TARGET_NAME)";
				SWIFT_VERSION = 4.0;
				TARGETED_DEVICE_FAMILY = "1,2";
				TEST_TARGET_NAME = "openhack-gbg";
			};
			name = Release;
		};
/* End XCBuildConfiguration section */

/* Begin XCConfigurationList section */
		F4EA196D1F88375E0037E851 /* Build configuration list for PBXProject "openhack-gbg" */ = {
			isa = XCConfigurationList;
			buildConfigurations = (
				F4EA19981F88375E0037E851 /* Debug */,
				F4EA19991F88375E0037E851 /* Release */,
			);
			defaultConfigurationIsVisible = 0;
			defaultConfigurationName = Release;
		};
		F4EA199A1F88375E0037E851 /* Build configuration list for PBXNativeTarget "openhack-gbg" */ = {
			isa = XCConfigurationList;
			buildConfigurations = (
				F4EA199B1F88375E0037E851 /* Debug */,
				F4EA199C1F88375E0037E851 /* Release */,
			);
			defaultConfigurationIsVisible = 0;
			defaultConfigurationName = Release;
		};
		F4EA199D1F88375E0037E851 /* Build configuration list for PBXNativeTarget "openhack-gbgTests" */ = {
			isa = XCConfigurationList;
			buildConfigurations = (
				F4EA199E1F88375E0037E851 /* Debug */,
				F4EA199F1F88375E0037E851 /* Release */,
			);
			defaultConfigurationIsVisible = 0;
			defaultConfigurationName = Release;
		};
		F4EA19A01F88375E0037E851 /* Build configuration list for PBXNativeTarget "openhack-gbgUITests" */ = {
			isa = XCConfigurationList;
			buildConfigurations = (
				F4EA19A11F88375E0037E851 /* Debug */,
				F4EA19A21F88375E0037E851 /* Release */,
			);
			defaultConfigurationIsVisible = 0;
			defaultConfigurationName = Release;
		};
/* End XCConfigurationList section */
	};
	rootObject = F4EA196A1F88375E0037E851 /* Project object */;
}
